
Microsoft Visual Studio Solution File, Format Version 12.00
# Visual Studio Version 17
VisualStudioVersion = 17.5.33530.505
MinimumVisualStudioVersion = 10.0.40219.1
Project("{FAE04EC0-301F-11D3-BF4B-00C04F79EFBC}") = "Employee Class", "Employee Class.csproj", "{9FE8033B-F6DB-4053-BF8A-23D1524D64E5}"
EndProject
Global
	GlobalSection(SolutionConfigurationPlatforms) = preSolution
		Debug|Any CPU = Debug|Any CPU
		Release|Any CPU = Release|Any CPU
	EndGlobalSection
	GlobalSection(ProjectConfigurationPlatforms) = postSolution
		{9FE8033B-F6DB-4053-BF8A-23D1524D64E5}.Debug|Any CPU.ActiveCfg = Debug|Any CPU
		{9FE8033B-F6DB-4053-BF8A-23D1524D64E5}.Debug|Any CPU.Build.0 = Debug|Any CPU
		{9FE8033B-F6DB-4053-BF8A-23D1524D64E5}.Release|Any CPU.ActiveCfg = Release|Any CPU
		{9FE8033B-F6DB-4053-BF8A-23D1524D64E5}.Release|Any CPU.Build.0 = Release|Any CPU
	EndGlobalSection
	GlobalSection(SolutionProperties) = preSolution
		HideSolutionNode = FALSE
	EndGlobalSection
	GlobalSection(ExtensibilityGlobals) = postSolution
		SolutionGuid = {2EB4ADFA-003F-4774-989F-20502160A6F8}
	EndGlobalSection
EndGlobal
